
Microsoft Visual Studio Solution File, Format Version 12.00
# Visual Studio Version 16
VisualStudioVersion = 16.0.31112.23
MinimumVisualStudioVersion = 10.0.40219.1
Project("{9A19103F-16F7-4668-BE54-9A1E7A4F7556}") = "ValidateNumber", "UltimateCSharpMasterClass\ValidateNumber.csproj", "{7AADB0DB-3E4D-4C43-B815-0CE7A5448A69}"
EndProject
Project("{9A19103F-16F7-4668-BE54-9A1E7A4F7556}") = "SimpleCalculator", "SimpleCalculator\SimpleCalculator.csproj", "{B6D2222B-96BF-4865-AC2A-C2FB7BC59F9E}"
EndProject
Project("{9A19103F-16F7-4668-BE54-9A1E7A4F7556}") = "CookiesCookbook", "CookiesCookbook\CookiesCookbook.csproj", "{3E685AC8-A837-4EEF-A40D-CB3A4417DDFB}"
EndProject
Project("{9A19103F-16F7-4668-BE54-9A1E7A4F7556}") = "TransactionData", "Excercises\TransactionData.csproj", "{D5BA040B-E0DE-42D5-98A4-D744718752E5}"
EndProject
Project("{2150E333-8FDC-42A3-9474-1A3956D46DE8}") = "Exercises", "Exercises", "{2EE4A2F4-4BF3-4F25-B326-DFAF333A7C74}"
EndProject
Project("{2150E333-8FDC-42A3-9474-1A3956D46DE8}") = "Assignments", "Assignments", "{11A7604D-E371-411F-9C02-C7FDBA15538A}"
EndProject
Project("{FAE04EC0-301F-11D3-BF4B-00C04F79EFBC}") = "GameDataParser", "GameDataParser\GameDataParser.csproj", "{81F009C3-354A-4D79-B9D3-2E9AC7E4E7CF}"
EndProject
Global
	GlobalSection(SolutionConfigurationPlatforms) = preSolution
		Debug|Any CPU = Debug|Any CPU
		Release|Any CPU = Release|Any CPU
	EndGlobalSection
	GlobalSection(ProjectConfigurationPlatforms) = postSolution
		{7AADB0DB-3E4D-4C43-B815-0CE7A5448A69}.Debug|Any CPU.ActiveCfg = Debug|Any CPU
		{7AADB0DB-3E4D-4C43-B815-0CE7A5448A69}.Debug|Any CPU.Build.0 = Debug|Any CPU
		{7AADB0DB-3E4D-4C43-B815-0CE7A5448A69}.Release|Any CPU.ActiveCfg = Release|Any CPU
		{7AADB0DB-3E4D-4C43-B815-0CE7A5448A69}.Release|Any CPU.Build.0 = Release|Any CPU
		{B6D2222B-96BF-4865-AC2A-C2FB7BC59F9E}.Debug|Any CPU.ActiveCfg = Debug|Any CPU
		{B6D2222B-96BF-4865-AC2A-C2FB7BC59F9E}.Debug|Any CPU.Build.0 = Debug|Any CPU
		{B6D2222B-96BF-4865-AC2A-C2FB7BC59F9E}.Release|Any CPU.ActiveCfg = Release|Any CPU
		{B6D2222B-96BF-4865-AC2A-C2FB7BC59F9E}.Release|Any CPU.Build.0 = Release|Any CPU
		{3E685AC8-A837-4EEF-A40D-CB3A4417DDFB}.Debug|Any CPU.ActiveCfg = Debug|Any CPU
		{3E685AC8-A837-4EEF-A40D-CB3A4417DDFB}.Debug|Any CPU.Build.0 = Debug|Any CPU
		{3E685AC8-A837-4EEF-A40D-CB3A4417DDFB}.Release|Any CPU.ActiveCfg = Release|Any CPU
		{3E685AC8-A837-4EEF-A40D-CB3A4417DDFB}.Release|Any CPU.Build.0 = Release|Any CPU
		{D5BA040B-E0DE-42D5-98A4-D744718752E5}.Debug|Any CPU.ActiveCfg = Debug|Any CPU
		{D5BA040B-E0DE-42D5-98A4-D744718752E5}.Debug|Any CPU.Build.0 = Debug|Any CPU
		{D5BA040B-E0DE-42D5-98A4-D744718752E5}.Release|Any CPU.ActiveCfg = Release|Any CPU
		{D5BA040B-E0DE-42D5-98A4-D744718752E5}.Release|Any CPU.Build.0 = Release|Any CPU
		{81F009C3-354A-4D79-B9D3-2E9AC7E4E7CF}.Debug|Any CPU.ActiveCfg = Debug|Any CPU
		{81F009C3-354A-4D79-B9D3-2E9AC7E4E7CF}.Debug|Any CPU.Build.0 = Debug|Any CPU
		{81F009C3-354A-4D79-B9D3-2E9AC7E4E7CF}.Release|Any CPU.ActiveCfg = Release|Any CPU
		{81F009C3-354A-4D79-B9D3-2E9AC7E4E7CF}.Release|Any CPU.Build.0 = Release|Any CPU
	EndGlobalSection
	GlobalSection(SolutionProperties) = preSolution
		HideSolutionNode = FALSE
	EndGlobalSection
	GlobalSection(NestedProjects) = preSolution
		{7AADB0DB-3E4D-4C43-B815-0CE7A5448A69} = {2EE4A2F4-4BF3-4F25-B326-DFAF333A7C74}
		{B6D2222B-96BF-4865-AC2A-C2FB7BC59F9E} = {2EE4A2F4-4BF3-4F25-B326-DFAF333A7C74}
		{3E685AC8-A837-4EEF-A40D-CB3A4417DDFB} = {11A7604D-E371-411F-9C02-C7FDBA15538A}
		{D5BA040B-E0DE-42D5-98A4-D744718752E5} = {2EE4A2F4-4BF3-4F25-B326-DFAF333A7C74}
		{81F009C3-354A-4D79-B9D3-2E9AC7E4E7CF} = {11A7604D-E371-411F-9C02-C7FDBA15538A}
	EndGlobalSection
	GlobalSection(ExtensibilityGlobals) = postSolution
		SolutionGuid = {690CD377-02A7-4B08-AEE2-5F43FDB3B90E}
	EndGlobalSection
EndGlobal
