
Microsoft Visual Studio Solution File, Format Version 12.00
# Visual Studio Version 16
VisualStudioVersion = 16.0.31112.23
MinimumVisualStudioVersion = 10.0.40219.1
Project("{9A19103F-16F7-4668-BE54-9A1E7A4F7556}") = "ValidateNumberEtc", "UltimateCSharpMasterClass\ValidateNumberEtc.csproj", "{7AADB0DB-3E4D-4C43-B815-0CE7A5448A69}"
EndProject
Project("{9A19103F-16F7-4668-BE54-9A1E7A4F7556}") = "SimpleCalculator", "SimpleCalculator\SimpleCalculator.csproj", "{B6D2222B-96BF-4865-AC2A-C2FB7BC59F9E}"
EndProject
Project("{9A19103F-16F7-4668-BE54-9A1E7A4F7556}") = "CookiesCookbook", "CookiesCookbook\CookiesCookbook.csproj", "{3E685AC8-A837-4EEF-A40D-CB3A4417DDFB}"
EndProject
Project("{9A19103F-16F7-4668-BE54-9A1E7A4F7556}") = "TransactionData", "Excercises\TransactionData.csproj", "{D5BA040B-E0DE-42D5-98A4-D744718752E5}"
EndProject
Project("{2150E333-8FDC-42A3-9474-1A3956D46DE8}") = "Exercises", "Exercises", "{2EE4A2F4-4BF3-4F25-B326-DFAF333A7C74}"
EndProject
Project("{2150E333-8FDC-42A3-9474-1A3956D46DE8}") = "Assignments", "Assignments", "{11A7604D-E371-411F-9C02-C7FDBA15538A}"
EndProject
Project("{9A19103F-16F7-4668-BE54-9A1E7A4F7556}") = "GameDataParser", "GameDataParser\GameDataParser.csproj", "{81F009C3-354A-4D79-B9D3-2E9AC7E4E7CF}"
EndProject
Project("{9A19103F-16F7-4668-BE54-9A1E7A4F7556}") = "SwitchTuples", "SwitchTuples\SwitchTuples.csproj", "{702ECDEE-2202-4104-B7C1-F90BE36C38AD}"
EndProject
Project("{9A19103F-16F7-4668-BE54-9A1E7A4F7556}") = "CustomCache", "CustomCache\CustomCache.csproj", "{A8B42795-D049-4E28-851B-7E48AC3823E3}"
EndProject
Project("{2150E333-8FDC-42A3-9474-1A3956D46DE8}") = "StarWarsPlanetStats", "StarWarsPlanetStats", "{FF04FB6C-39B0-4121-B1AB-D51DE96CA3C1}"
	ProjectSection(SolutionItems) = preProject
		Readme.txt = Readme.txt
	EndProjectSection
EndProject
Project("{2150E333-8FDC-42A3-9474-1A3956D46DE8}") = "DataAccess", "DataAccess", "{5F09554B-6204-4C91-9DFD-AB84BEB18000}"
	ProjectSection(SolutionItems) = preProject
		UltimateCSharpMasterClass\ApiReader.cs = UltimateCSharpMasterClass\ApiReader.cs
		UltimateCSharpMasterClass\IApiReader.cs = UltimateCSharpMasterClass\IApiReader.cs
	EndProjectSection
EndProject
Project("{9A19103F-16F7-4668-BE54-9A1E7A4F7556}") = "NumericTypesSuggester", "NumericTypesSuggester\NumericTypesSuggester.csproj", "{FCBF443F-68D1-4812-9D50-BCEB864D9407}"
EndProject
Project("{9A19103F-16F7-4668-BE54-9A1E7A4F7556}") = "TicketsDataAggregator", "TicketsDataAggregator\TicketsDataAggregator.csproj", "{66441A2B-485B-43DC-9682-49830230F5D9}"
EndProject
Project("{2150E333-8FDC-42A3-9474-1A3956D46DE8}") = "TestingAssigments", "TestingAssigments", "{063E7CD3-C45D-4E17-A427-FC2F7352BDE9}"
EndProject
Project("{9A19103F-16F7-4668-BE54-9A1E7A4F7556}") = "FibonacciGeneratorTests", "EnumerableExtensionsTests\FibonacciGeneratorTests.csproj", "{A6DFCB04-73B2-4CD3-B377-4D7BAB4BA7E6}"
EndProject
Project("{2150E333-8FDC-42A3-9474-1A3956D46DE8}") = "Extensions", "Extensions", "{9AB28932-7229-494A-8F72-255917B63FDF}"
EndProject
Project("{9A19103F-16F7-4668-BE54-9A1E7A4F7556}") = "EnumerableExtensions", "EnumerableExtensions\EnumerableExtensions.csproj", "{4E893577-2A53-46B7-91AC-89291A84ED3C}"
EndProject
Project("{FAE04EC0-301F-11D3-BF4B-00C04F79EFBC}") = "FibonacciGenerator", "FibonacciGenerator\FibonacciGenerator.csproj", "{67E838DA-1DD6-42FB-9C68-AF54B76CAA55}"
EndProject
Global
	GlobalSection(SolutionConfigurationPlatforms) = preSolution
		Debug|Any CPU = Debug|Any CPU
		Release|Any CPU = Release|Any CPU
	EndGlobalSection
	GlobalSection(ProjectConfigurationPlatforms) = postSolution
		{7AADB0DB-3E4D-4C43-B815-0CE7A5448A69}.Debug|Any CPU.ActiveCfg = Debug|Any CPU
		{7AADB0DB-3E4D-4C43-B815-0CE7A5448A69}.Debug|Any CPU.Build.0 = Debug|Any CPU
		{7AADB0DB-3E4D-4C43-B815-0CE7A5448A69}.Release|Any CPU.ActiveCfg = Release|Any CPU
		{7AADB0DB-3E4D-4C43-B815-0CE7A5448A69}.Release|Any CPU.Build.0 = Release|Any CPU
		{B6D2222B-96BF-4865-AC2A-C2FB7BC59F9E}.Debug|Any CPU.ActiveCfg = Debug|Any CPU
		{B6D2222B-96BF-4865-AC2A-C2FB7BC59F9E}.Debug|Any CPU.Build.0 = Debug|Any CPU
		{B6D2222B-96BF-4865-AC2A-C2FB7BC59F9E}.Release|Any CPU.ActiveCfg = Release|Any CPU
		{B6D2222B-96BF-4865-AC2A-C2FB7BC59F9E}.Release|Any CPU.Build.0 = Release|Any CPU
		{3E685AC8-A837-4EEF-A40D-CB3A4417DDFB}.Debug|Any CPU.ActiveCfg = Debug|Any CPU
		{3E685AC8-A837-4EEF-A40D-CB3A4417DDFB}.Debug|Any CPU.Build.0 = Debug|Any CPU
		{3E685AC8-A837-4EEF-A40D-CB3A4417DDFB}.Release|Any CPU.ActiveCfg = Release|Any CPU
		{3E685AC8-A837-4EEF-A40D-CB3A4417DDFB}.Release|Any CPU.Build.0 = Release|Any CPU
		{D5BA040B-E0DE-42D5-98A4-D744718752E5}.Debug|Any CPU.ActiveCfg = Debug|Any CPU
		{D5BA040B-E0DE-42D5-98A4-D744718752E5}.Debug|Any CPU.Build.0 = Debug|Any CPU
		{D5BA040B-E0DE-42D5-98A4-D744718752E5}.Release|Any CPU.ActiveCfg = Release|Any CPU
		{D5BA040B-E0DE-42D5-98A4-D744718752E5}.Release|Any CPU.Build.0 = Release|Any CPU
		{81F009C3-354A-4D79-B9D3-2E9AC7E4E7CF}.Debug|Any CPU.ActiveCfg = Debug|Any CPU
		{81F009C3-354A-4D79-B9D3-2E9AC7E4E7CF}.Debug|Any CPU.Build.0 = Debug|Any CPU
		{81F009C3-354A-4D79-B9D3-2E9AC7E4E7CF}.Release|Any CPU.ActiveCfg = Release|Any CPU
		{81F009C3-354A-4D79-B9D3-2E9AC7E4E7CF}.Release|Any CPU.Build.0 = Release|Any CPU
		{702ECDEE-2202-4104-B7C1-F90BE36C38AD}.Debug|Any CPU.ActiveCfg = Debug|Any CPU
		{702ECDEE-2202-4104-B7C1-F90BE36C38AD}.Debug|Any CPU.Build.0 = Debug|Any CPU
		{702ECDEE-2202-4104-B7C1-F90BE36C38AD}.Release|Any CPU.ActiveCfg = Release|Any CPU
		{702ECDEE-2202-4104-B7C1-F90BE36C38AD}.Release|Any CPU.Build.0 = Release|Any CPU
		{A8B42795-D049-4E28-851B-7E48AC3823E3}.Debug|Any CPU.ActiveCfg = Debug|Any CPU
		{A8B42795-D049-4E28-851B-7E48AC3823E3}.Debug|Any CPU.Build.0 = Debug|Any CPU
		{A8B42795-D049-4E28-851B-7E48AC3823E3}.Release|Any CPU.ActiveCfg = Release|Any CPU
		{A8B42795-D049-4E28-851B-7E48AC3823E3}.Release|Any CPU.Build.0 = Release|Any CPU
		{FCBF443F-68D1-4812-9D50-BCEB864D9407}.Debug|Any CPU.ActiveCfg = Debug|Any CPU
		{FCBF443F-68D1-4812-9D50-BCEB864D9407}.Debug|Any CPU.Build.0 = Debug|Any CPU
		{FCBF443F-68D1-4812-9D50-BCEB864D9407}.Release|Any CPU.ActiveCfg = Release|Any CPU
		{FCBF443F-68D1-4812-9D50-BCEB864D9407}.Release|Any CPU.Build.0 = Release|Any CPU
		{66441A2B-485B-43DC-9682-49830230F5D9}.Debug|Any CPU.ActiveCfg = Debug|Any CPU
		{66441A2B-485B-43DC-9682-49830230F5D9}.Debug|Any CPU.Build.0 = Debug|Any CPU
		{66441A2B-485B-43DC-9682-49830230F5D9}.Release|Any CPU.ActiveCfg = Release|Any CPU
		{66441A2B-485B-43DC-9682-49830230F5D9}.Release|Any CPU.Build.0 = Release|Any CPU
		{A6DFCB04-73B2-4CD3-B377-4D7BAB4BA7E6}.Debug|Any CPU.ActiveCfg = Debug|Any CPU
		{A6DFCB04-73B2-4CD3-B377-4D7BAB4BA7E6}.Debug|Any CPU.Build.0 = Debug|Any CPU
		{A6DFCB04-73B2-4CD3-B377-4D7BAB4BA7E6}.Release|Any CPU.ActiveCfg = Release|Any CPU
		{A6DFCB04-73B2-4CD3-B377-4D7BAB4BA7E6}.Release|Any CPU.Build.0 = Release|Any CPU
		{4E893577-2A53-46B7-91AC-89291A84ED3C}.Debug|Any CPU.ActiveCfg = Debug|Any CPU
		{4E893577-2A53-46B7-91AC-89291A84ED3C}.Debug|Any CPU.Build.0 = Debug|Any CPU
		{4E893577-2A53-46B7-91AC-89291A84ED3C}.Release|Any CPU.ActiveCfg = Release|Any CPU
		{4E893577-2A53-46B7-91AC-89291A84ED3C}.Release|Any CPU.Build.0 = Release|Any CPU
		{67E838DA-1DD6-42FB-9C68-AF54B76CAA55}.Debug|Any CPU.ActiveCfg = Debug|Any CPU
		{67E838DA-1DD6-42FB-9C68-AF54B76CAA55}.Debug|Any CPU.Build.0 = Debug|Any CPU
		{67E838DA-1DD6-42FB-9C68-AF54B76CAA55}.Release|Any CPU.ActiveCfg = Release|Any CPU
		{67E838DA-1DD6-42FB-9C68-AF54B76CAA55}.Release|Any CPU.Build.0 = Release|Any CPU
	EndGlobalSection
	GlobalSection(SolutionProperties) = preSolution
		HideSolutionNode = FALSE
	EndGlobalSection
	GlobalSection(NestedProjects) = preSolution
		{7AADB0DB-3E4D-4C43-B815-0CE7A5448A69} = {2EE4A2F4-4BF3-4F25-B326-DFAF333A7C74}
		{B6D2222B-96BF-4865-AC2A-C2FB7BC59F9E} = {2EE4A2F4-4BF3-4F25-B326-DFAF333A7C74}
		{3E685AC8-A837-4EEF-A40D-CB3A4417DDFB} = {11A7604D-E371-411F-9C02-C7FDBA15538A}
		{D5BA040B-E0DE-42D5-98A4-D744718752E5} = {2EE4A2F4-4BF3-4F25-B326-DFAF333A7C74}
		{81F009C3-354A-4D79-B9D3-2E9AC7E4E7CF} = {11A7604D-E371-411F-9C02-C7FDBA15538A}
		{702ECDEE-2202-4104-B7C1-F90BE36C38AD} = {2EE4A2F4-4BF3-4F25-B326-DFAF333A7C74}
		{A8B42795-D049-4E28-851B-7E48AC3823E3} = {11A7604D-E371-411F-9C02-C7FDBA15538A}
		{FF04FB6C-39B0-4121-B1AB-D51DE96CA3C1} = {11A7604D-E371-411F-9C02-C7FDBA15538A}
		{5F09554B-6204-4C91-9DFD-AB84BEB18000} = {FF04FB6C-39B0-4121-B1AB-D51DE96CA3C1}
		{FCBF443F-68D1-4812-9D50-BCEB864D9407} = {11A7604D-E371-411F-9C02-C7FDBA15538A}
		{66441A2B-485B-43DC-9682-49830230F5D9} = {11A7604D-E371-411F-9C02-C7FDBA15538A}
		{A6DFCB04-73B2-4CD3-B377-4D7BAB4BA7E6} = {063E7CD3-C45D-4E17-A427-FC2F7352BDE9}
		{9AB28932-7229-494A-8F72-255917B63FDF} = {11A7604D-E371-411F-9C02-C7FDBA15538A}
		{4E893577-2A53-46B7-91AC-89291A84ED3C} = {9AB28932-7229-494A-8F72-255917B63FDF}
	EndGlobalSection
	GlobalSection(ExtensibilityGlobals) = postSolution
		SolutionGuid = {690CD377-02A7-4B08-AEE2-5F43FDB3B90E}
	EndGlobalSection
EndGlobal
